
Microsoft Visual Studio Solution File, Format Version 12.00
# Visual Studio Version 17
VisualStudioVersion = 17.9.34622.214
MinimumVisualStudioVersion = 10.0.40219.1
Project("{9A19103F-16F7-4668-BE54-9A1E7A4F7556}") = "Wen", "Wen\Wen.csproj", "{39FA9C6C-EC40-4F63-8AD2-2DA628960DBA}"
EndProject
Global
	GlobalSection(SolutionConfigurationPlatforms) = preSolution
		Debug|Any CPU = Debug|Any CPU
		Release|Any CPU = Release|Any CPU
	EndGlobalSection
	GlobalSection(ProjectConfigurationPlatforms) = postSolution
		{39FA9C6C-EC40-4F63-8AD2-2DA628960DBA}.Debug|Any CPU.ActiveCfg = Debug|Any CPU
		{39FA9C6C-EC40-4F63-8AD2-2DA628960DBA}.Debug|Any CPU.Build.0 = Debug|Any CPU
		{39FA9C6C-EC40-4F63-8AD2-2DA628960DBA}.Release|Any CPU.ActiveCfg = Release|Any CPU
		{39FA9C6C-EC40-4F63-8AD2-2DA628960DBA}.Release|Any CPU.Build.0 = Release|Any CPU
	EndGlobalSection
	GlobalSection(SolutionProperties) = preSolution
		HideSolutionNode = FALSE
	EndGlobalSection
	GlobalSection(ExtensibilityGlobals) = postSolution
		SolutionGuid = {BFF018DA-041F-4F90-8EED-0AE30ED3C5F8}
	EndGlobalSection
EndGlobal
